
Microsoft Visual Studio Solution File, Format Version 12.00
# Visual Studio Version 16
VisualStudioVersion = 16.0.31624.102
MinimumVisualStudioVersion = 10.0.40219.1
Project("{8BC9CEB8-8B4A-11D0-8D11-00A0C91BC942}") = "Lab6.2", "Lab6.2.vcxproj", "{148A87CD-DEA9-4030-9658-807C48E329C2}"
EndProject
Project("{8BC9CEB8-8B4A-11D0-8D11-00A0C91BC942}") = "UnitTest6.2(1)", "..\UnitTest6.2(1)\UnitTest6.2(1).vcxproj", "{657BE716-12A8-4F9F-B71E-19706850BD56}"
EndProject
Global
	GlobalSection(SolutionConfigurationPlatforms) = preSolution
		Debug|x64 = Debug|x64
		Debug|x86 = Debug|x86
		Release|x64 = Release|x64
		Release|x86 = Release|x86
	EndGlobalSection
	GlobalSection(ProjectConfigurationPlatforms) = postSolution
		{148A87CD-DEA9-4030-9658-807C48E329C2}.Debug|x64.ActiveCfg = Debug|x64
		{148A87CD-DEA9-4030-9658-807C48E329C2}.Debug|x64.Build.0 = Debug|x64
		{148A87CD-DEA9-4030-9658-807C48E329C2}.Debug|x86.ActiveCfg = Debug|Win32
		{148A87CD-DEA9-4030-9658-807C48E329C2}.Debug|x86.Build.0 = Debug|Win32
		{148A87CD-DEA9-4030-9658-807C48E329C2}.Release|x64.ActiveCfg = Release|x64
		{148A87CD-DEA9-4030-9658-807C48E329C2}.Release|x64.Build.0 = Release|x64
		{148A87CD-DEA9-4030-9658-807C48E329C2}.Release|x86.ActiveCfg = Release|Win32
		{148A87CD-DEA9-4030-9658-807C48E329C2}.Release|x86.Build.0 = Release|Win32
		{657BE716-12A8-4F9F-B71E-19706850BD56}.Debug|x64.ActiveCfg = Debug|x64
		{657BE716-12A8-4F9F-B71E-19706850BD56}.Debug|x64.Build.0 = Debug|x64
		{657BE716-12A8-4F9F-B71E-19706850BD56}.Debug|x86.ActiveCfg = Debug|Win32
		{657BE716-12A8-4F9F-B71E-19706850BD56}.Debug|x86.Build.0 = Debug|Win32
		{657BE716-12A8-4F9F-B71E-19706850BD56}.Release|x64.ActiveCfg = Release|x64
		{657BE716-12A8-4F9F-B71E-19706850BD56}.Release|x64.Build.0 = Release|x64
		{657BE716-12A8-4F9F-B71E-19706850BD56}.Release|x86.ActiveCfg = Release|Win32
		{657BE716-12A8-4F9F-B71E-19706850BD56}.Release|x86.Build.0 = Release|Win32
	EndGlobalSection
	GlobalSection(SolutionProperties) = preSolution
		HideSolutionNode = FALSE
	EndGlobalSection
	GlobalSection(ExtensibilityGlobals) = postSolution
		SolutionGuid = {4077ABD8-4331-4B41-B201-71B4BBB4E14E}
	EndGlobalSection
EndGlobal
